// !$*UTF8*$!
{
	archiveVersion = 1;
	classes = {
	};
	objectVersion = 46;
	objects = {

/* Begin PBXBuildFile section */
		CD1C911F1E713CF500F5DAD9 /* AppDelegate.swift in Sources */ = {isa = PBXBuildFile; fileRef = CD1C911E1E713CF500F5DAD9 /* AppDelegate.swift */; };
		CD1C91211E713CF500F5DAD9 /* ViewController.swift in Sources */ = {isa = PBXBuildFile; fileRef = CD1C91201E713CF500F5DAD9 /* ViewController.swift */; };
		CD1C91241E713CF500F5DAD9 /* Main.storyboard in Resources */ = {isa = PBXBuildFile; fileRef = CD1C91221E713CF500F5DAD9 /* Main.storyboard */; };
		CD1C91261E713CF500F5DAD9 /* Assets.xcassets in Resources */ = {isa = PBXBuildFile; fileRef = CD1C91251E713CF500F5DAD9 /* Assets.xcassets */; };
		CD1C91291E713CF500F5DAD9 /* LaunchScreen.storyboard in Resources */ = {isa = PBXBuildFile; fileRef = CD1C91271E713CF500F5DAD9 /* LaunchScreen.storyboard */; };
		CDBDA0951E724D2D00048589 /* Pch.swift in Sources */ = {isa = PBXBuildFile; fileRef = CDBDA0941E724D2D00048589 /* Pch.swift */; };
		CDBDA0971E724DF100048589 /* HomeViewController.swift in Sources */ = {isa = PBXBuildFile; fileRef = CDBDA0961E724DF100048589 /* HomeViewController.swift */; };
		CDBDA0991E7250F100048589 /* ViewController(UI).swift in Sources */ = {isa = PBXBuildFile; fileRef = CDBDA0981E7250F100048589 /* ViewController(UI).swift */; };
		CDBDA09B1E72518400048589 /* IMG_0155.JPG in Resources */ = {isa = PBXBuildFile; fileRef = CDBDA09A1E72518400048589 /* IMG_0155.JPG */; };
/* End PBXBuildFile section */

/* Begin PBXFileReference section */
		CD1C911B1E713CF500F5DAD9 /* 第十九天自定义侧滑(一).app */ = {isa = PBXFileReference; explicitFileType = wrapper.application; includeInIndex = 0; path = "第十九天自定义侧滑(一).app"; sourceTree = BUILT_PRODUCTS_DIR; };
		CD1C911E1E713CF500F5DAD9 /* AppDelegate.swift */ = {isa = PBXFileReference; lastKnownFileType = sourcecode.swift; path = AppDelegate.swift; sourceTree = "<group>"; };
		CD1C91201E713CF500F5DAD9 /* ViewController.swift */ = {isa = PBXFileReference; lastKnownFileType = sourcecode.swift; path = ViewController.swift; sourceTree = "<group>"; };
		CD1C91231E713CF500F5DAD9 /* Base */ = {isa = PBXFileReference; lastKnownFileType = file.storyboard; name = Base; path = Base.lproj/Main.storyboard; sourceTree = "<group>"; };
		CD1C91251E713CF500F5DAD9 /* Assets.xcassets */ = {isa = PBXFileReference; lastKnownFileType = folder.assetcatalog; path = Assets.xcassets; sourceTree = "<group>"; };
		CD1C91281E713CF500F5DAD9 /* Base */ = {isa = PBXFileReference; lastKnownFileType = file.storyboard; name = Base; path = Base.lproj/LaunchScreen.storyboard; sourceTree = "<group>"; };
		CD1C912A1E713CF500F5DAD9 /* Info.plist */ = {isa = PBXFileReference; lastKnownFileType = text.plist.xml; path = Info.plist; sourceTree = "<group>"; };
		CDBDA0941E724D2D00048589 /* Pch.swift */ = {isa = PBXFileReference; fileEncoding = 4; lastKnownFileType = sourcecode.swift; path = Pch.swift; sourceTree = "<group>"; };
		CDBDA0961E724DF100048589 /* HomeViewController.swift */ = {isa = PBXFileReference; fileEncoding = 4; lastKnownFileType = sourcecode.swift; path = HomeViewController.swift; sourceTree = "<group>"; };
		CDBDA0981E7250F100048589 /* ViewController(UI).swift */ = {isa = PBXFileReference; fileEncoding = 4; lastKnownFileType = sourcecode.swift; path = "ViewController(UI).swift"; sourceTree = "<group>"; };
		CDBDA09A1E72518400048589 /* IMG_0155.JPG */ = {isa = PBXFileReference; lastKnownFileType = image.jpeg; path = IMG_0155.JPG; sourceTree = "<group>"; };
/* End PBXFileReference section */

/* Begin PBXFrameworksBuildPhase section */
		CD1C91181E713CF500F5DAD9 /* Frameworks */ = {
			isa = PBXFrameworksBuildPhase;
			buildActionMask = 2147483647;
			files = (
			);
			runOnlyForDeploymentPostprocessing = 0;
		};
/* End PBXFrameworksBuildPhase section */

/* Begin PBXGroup section */
		CD1C91121E713CF500F5DAD9 = {
			isa = PBXGroup;
			children = (
				CD1C911D1E713CF500F5DAD9 /* 第十九天自定义侧滑(一) */,
				CD1C911C1E713CF500F5DAD9 /* Products */,
			);
			sourceTree = "<group>";
		};
		CD1C911C1E713CF500F5DAD9 /* Products */ = {
			isa = PBXGroup;
			children = (
				CD1C911B1E713CF500F5DAD9 /* 第十九天自定义侧滑(一).app */,
			);
			name = Products;
			sourceTree = "<group>";
		};
		CD1C911D1E713CF500F5DAD9 /* 第十九天自定义侧滑(一) */ = {
			isa = PBXGroup;
			children = (
				CD1C911E1E713CF500F5DAD9 /* AppDelegate.swift */,
				CD1C91201E713CF500F5DAD9 /* ViewController.swift */,
				CDBDA0981E7250F100048589 /* ViewController(UI).swift */,
				CDBDA0961E724DF100048589 /* HomeViewController.swift */,
				CDBDA0941E724D2D00048589 /* Pch.swift */,
				CD1C91221E713CF500F5DAD9 /* Main.storyboard */,
				CDBDA09A1E72518400048589 /* IMG_0155.JPG */,
				CD1C91251E713CF500F5DAD9 /* Assets.xcassets */,
				CD1C91271E713CF500F5DAD9 /* LaunchScreen.storyboard */,
				CD1C912A1E713CF500F5DAD9 /* Info.plist */,
			);
			path = "第十九天自定义侧滑(一)";
			sourceTree = "<group>";
		};
/* End PBXGroup section */

/* Begin PBXNativeTarget section */
		CD1C911A1E713CF500F5DAD9 /* 第十九天自定义侧滑(一) */ = {
			isa = PBXNativeTarget;
			buildConfigurationList = CD1C912D1E713CF500F5DAD9 /* Build configuration list for PBXNativeTarget "第十九天自定义侧滑(一)" */;
			buildPhases = (
				CD1C91171E713CF500F5DAD9 /* Sources */,
				CD1C91181E713CF500F5DAD9 /* Frameworks */,
				CD1C91191E713CF500F5DAD9 /* Resources */,
			);
			buildRules = (
			);
			dependencies = (
			);
			name = "第十九天自定义侧滑(一)";
			productName = "第十九天自定义侧滑(一)";
			productReference = CD1C911B1E713CF500F5DAD9 /* 第十九天自定义侧滑(一).app */;
			productType = "com.apple.product-type.application";
		};
/* End PBXNativeTarget section */

/* Begin PBXProject section */
		CD1C91131E713CF500F5DAD9 /* Project object */ = {
			isa = PBXProject;
			attributes = {
				LastSwiftUpdateCheck = 0810;
				LastUpgradeCheck = 0810;
				ORGANIZATIONNAME = "霍驹";
				TargetAttributes = {
					CD1C911A1E713CF500F5DAD9 = {
						CreatedOnToolsVersion = 8.1;
						DevelopmentTeam = FC83H5D564;
						ProvisioningStyle = Automatic;
					};
				};
			};
			buildConfigurationList = CD1C91161E713CF500F5DAD9 /* Build configuration list for PBXProject "第十九天自定义侧滑(一)" */;
			compatibilityVersion = "Xcode 3.2";
			developmentRegion = English;
			hasScannedForEncodings = 0;
			knownRegions = (
				en,
				Base,
			);
			mainGroup = CD1C91121E713CF500F5DAD9;
			productRefGroup = CD1C911C1E713CF500F5DAD9 /* Products */;
			projectDirPath = "";
			projectRoot = "";
			targets = (
				CD1C911A1E713CF500F5DAD9 /* 第十九天自定义侧滑(一) */,
			);
		};
/* End PBXProject section */

/* Begin PBXResourcesBuildPhase section */
		CD1C91191E713CF500F5DAD9 /* Resources */ = {
			isa = PBXResourcesBuildPhase;
			buildActionMask = 2147483647;
			files = (
				CD1C91291E713CF500F5DAD9 /* LaunchScreen.storyboard in Resources */,
				CD1C91261E713CF500F5DAD9 /* Assets.xcassets in Resources */,
				CDBDA09B1E72518400048589 /* IMG_0155.JPG in Resources */,
				CD1C91241E713CF500F5DAD9 /* Main.storyboard in Resources */,
			);
			runOnlyForDeploymentPostprocessing = 0;
		};
/* End PBXResourcesBuildPhase section */

/* Begin PBXSourcesBuildPhase section */
		CD1C91171E713CF500F5DAD9 /* Sources */ = {
			isa = PBXSourcesBuildPhase;
			buildActionMask = 2147483647;
			files = (
				CDBDA0951E724D2D00048589 /* Pch.swift in Sources */,
				CD1C91211E713CF500F5DAD9 /* ViewController.swift in Sources */,
				CD1C911F1E713CF500F5DAD9 /* AppDelegate.swift in Sources */,
				CDBDA0971E724DF100048589 /* HomeViewController.swift in Sources */,
				CDBDA0991E7250F100048589 /* ViewController(UI).swift in Sources */,
			);
			runOnlyForDeploymentPostprocessing = 0;
		};
/* End PBXSourcesBuildPhase section */

/* Begin PBXVariantGroup section */
		CD1C91221E713CF500F5DAD9 /* Main.storyboard */ = {
			isa = PBXVariantGroup;
			children = (
				CD1C91231E713CF500F5DAD9 /* Base */,
			);
			name = Main.storyboard;
			sourceTree = "<group>";
		};
		CD1C91271E713CF500F5DAD9 /* LaunchScreen.storyboard */ = {
			isa = PBXVariantGroup;
			children = (
				CD1C91281E713CF500F5DAD9 /* Base */,
			);
			name = LaunchScreen.storyboard;
			sourceTree = "<group>";
		};
/* End PBXVariantGroup section */

/* Begin XCBuildConfiguration section */
		CD1C912B1E713CF500F5DAD9 /* Debug */ = {
			isa = XCBuildConfiguration;
			buildSettings = {
				ALWAYS_SEARCH_USER_PATHS = NO;
				CLANG_ANALYZER_NONNULL = YES;
				CLANG_CXX_LANGUAGE_STANDARD = "gnu++0x";
				CLANG_CXX_LIBRARY = "libc++";
				CLANG_ENABLE_MODULES = YES;
				CLANG_ENABLE_OBJC_ARC = YES;
				CLANG_WARN_BOOL_CONVERSION = YES;
				CLANG_WARN_CONSTANT_CONVERSION = YES;
				CLANG_WARN_DIRECT_OBJC_ISA_USAGE = YES_ERROR;
				CLANG_WARN_DOCUMENTATION_COMMENTS = YES;
				CLANG_WARN_EMPTY_BODY = YES;
				CLANG_WARN_ENUM_CONVERSION = YES;
				CLANG_WARN_INFINITE_RECURSION = YES;
				CLANG_WARN_INT_CONVERSION = YES;
				CLANG_WARN_OBJC_ROOT_CLASS = YES_ERROR;
				CLANG_WARN_SUSPICIOUS_MOVES = YES;
				CLANG_WARN_UNREACHABLE_CODE = YES;
				CLANG_WARN__DUPLICATE_METHOD_MATCH = YES;
				"CODE_SIGN_IDENTITY[sdk=iphoneos*]" = "iPhone Developer";
				COPY_PHASE_STRIP = NO;
				DEBUG_INFORMATION_FORMAT = dwarf;
				ENABLE_STRICT_OBJC_MSGSEND = YES;
				ENABLE_TESTABILITY = YES;
				GCC_C_LANGUAGE_STANDARD = gnu99;
				GCC_DYNAMIC_NO_PIC = NO;
				GCC_NO_COMMON_BLOCKS = YES;
				GCC_OPTIMIZATION_LEVEL = 0;
				GCC_PREPROCESSOR_DEFINITIONS = (
					"DEBUG=1",
					"$(inherited)",
				);
				GCC_WARN_64_TO_32_BIT_CONVERSION = YES;
				GCC_WARN_ABOUT_RETURN_TYPE = YES_ERROR;
				GCC_WARN_UNDECLARED_SELECTOR = YES;
				GCC_WARN_UNINITIALIZED_AUTOS = YES_AGGRESSIVE;
				GCC_WARN_UNUSED_FUNCTION = YES;
				GCC_WARN_UNUSED_VARIABLE = YES;
				IPHONEOS_DEPLOYMENT_TARGET = 10.1;
				MTL_ENABLE_DEBUG_INFO = YES;
				ONLY_ACTIVE_ARCH = YES;
				SDKROOT = iphoneos;
				SWIFT_ACTIVE_COMPILATION_CONDITIONS = DEBUG;
				SWIFT_OPTIMIZATION_LEVEL = "-Onone";
			};
			name = Debug;
		};
		CD1C912C1E713CF500F5DAD9 /* Release */ = {
			isa = XCBuildConfiguration;
			buildSettings = {
				ALWAYS_SEARCH_USER_PATHS = NO;
				CLANG_ANALYZER_NONNULL = YES;
				CLANG_CXX_LANGUAGE_STANDARD = "gnu++0x";
				CLANG_CXX_LIBRARY = "libc++";
				CLANG_ENABLE_MODULES = YES;
				CLANG_ENABLE_OBJC_ARC = YES;
				CLANG_WARN_BOOL_CONVERSION = YES;
				CLANG_WARN_CONSTANT_CONVERSION = YES;
				CLANG_WARN_DIRECT_OBJC_ISA_USAGE = YES_ERROR;
				CLANG_WARN_DOCUMENTATION_COMMENTS = YES;
				CLANG_WARN_EMPTY_BODY = YES;
				CLANG_WARN_ENUM_CONVERSION = YES;
				CLANG_WARN_INFINITE_RECURSION = YES;
				CLANG_WARN_INT_CONVERSION = YES;
				CLANG_WARN_OBJC_ROOT_CLASS = YES_ERROR;
				CLANG_WARN_SUSPICIOUS_MOVES = YES;
				CLANG_WARN_UNREACHABLE_CODE = YES;
				CLANG_WARN__DUPLICATE_METHOD_MATCH = YES;
				"CODE_SIGN_IDENTITY[sdk=iphoneos*]" = "iPhone Developer";
				COPY_PHASE_STRIP = NO;
				DEBUG_INFORMATION_FORMAT = "dwarf-with-dsym";
				ENABLE_NS_ASSERTIONS = NO;
				ENABLE_STRICT_OBJC_MSGSEND = YES;
				GCC_C_LANGUAGE_STANDARD = gnu99;
				GCC_NO_COMMON_BLOCKS = YES;
				GCC_WARN_64_TO_32_BIT_CONVERSION = YES;
				GCC_WARN_ABOUT_RETURN_TYPE = YES_ERROR;
				GCC_WARN_UNDECLARED_SELECTOR = YES;
				GCC_WARN_UNINITIALIZED_AUTOS = YES_AGGRESSIVE;
				GCC_WARN_UNUSED_FUNCTION = YES;
				GCC_WARN_UNUSED_VARIABLE = YES;
				IPHONEOS_DEPLOYMENT_TARGET = 10.1;
				MTL_ENABLE_DEBUG_INFO = NO;
				SDKROOT = iphoneos;
				SWIFT_OPTIMIZATION_LEVEL = "-Owholemodule";
				VALIDATE_PRODUCT = YES;
			};
			name = Release;
		};
		CD1C912E1E713CF500F5DAD9 /* Debug */ = {
			isa = XCBuildConfiguration;
			buildSettings = {
				ASSETCATALOG_COMPILER_APPICON_NAME = AppIcon;
				DEVELOPMENT_TEAM = FC83H5D564;
				INFOPLIST_FILE = "第十九天自定义侧滑(一)/Info.plist";
				LD_RUNPATH_SEARCH_PATHS = "$(inherited) @executable_path/Frameworks";
				PRODUCT_BUNDLE_IDENTIFIER = "com.OneStepBeyond.------------";
				PRODUCT_NAME = "$(TARGET_NAME)";
				SWIFT_VERSION = 3.0;
			};
			name = Debug;
		};
		CD1C912F1E713CF500F5DAD9 /* Release */ = {
			isa = XCBuildConfiguration;
			buildSettings = {
				ASSETCATALOG_COMPILER_APPICON_NAME = AppIcon;
				DEVELOPMENT_TEAM = FC83H5D564;
				INFOPLIST_FILE = "第十九天自定义侧滑(一)/Info.plist";
				LD_RUNPATH_SEARCH_PATHS = "$(inherited) @executable_path/Frameworks";
				PRODUCT_BUNDLE_IDENTIFIER = "com.OneStepBeyond.------------";
				PRODUCT_NAME = "$(TARGET_NAME)";
				SWIFT_VERSION = 3.0;
			};
			name = Release;
		};
/* End XCBuildConfiguration section */

/* Begin XCConfigurationList section */
		CD1C91161E713CF500F5DAD9 /* Build configuration list for PBXProject "第十九天自定义侧滑(一)" */ = {
			isa = XCConfigurationList;
			buildConfigurations = (
				CD1C912B1E713CF500F5DAD9 /* Debug */,
				CD1C912C1E713CF500F5DAD9 /* Release */,
			);
			defaultConfigurationIsVisible = 0;
			defaultConfigurationName = Release;
		};
		CD1C912D1E713CF500F5DAD9 /* Build configuration list for PBXNativeTarget "第十九天自定义侧滑(一)" */ = {
			isa = XCConfigurationList;
			buildConfigurations = (
				CD1C912E1E713CF500F5DAD9 /* Debug */,
				CD1C912F1E713CF500F5DAD9 /* Release */,
			);
			defaultConfigurationIsVisible = 0;
			defaultConfigurationName = Release;
		};
/* End XCConfigurationList section */
	};
	rootObject = CD1C91131E713CF500F5DAD9 /* Project object */;
}
