// !$*UTF8*$!
{
	archiveVersion = 1;
	classes = {
	};
	objectVersion = 46;
	objects = {

/* Begin PBXBuildFile section */
		CDA3D48D1E51A85A007C46BB /* File.swift in Sources */ = {isa = PBXBuildFile; fileRef = CDA3D48C1E51A85A007C46BB /* File.swift */; };
		CDE760C31E1B404E006535D8 /* AppDelegate.swift in Sources */ = {isa = PBXBuildFile; fileRef = CDE760C21E1B404E006535D8 /* AppDelegate.swift */; };
		CDE760C51E1B404E006535D8 /* ViewController.swift in Sources */ = {isa = PBXBuildFile; fileRef = CDE760C41E1B404E006535D8 /* ViewController.swift */; };
		CDE760C81E1B404E006535D8 /* Main.storyboard in Resources */ = {isa = PBXBuildFile; fileRef = CDE760C61E1B404E006535D8 /* Main.storyboard */; };
		CDE760CA1E1B404E006535D8 /* Assets.xcassets in Resources */ = {isa = PBXBuildFile; fileRef = CDE760C91E1B404E006535D8 /* Assets.xcassets */; };
		CDE760CD1E1B404E006535D8 /* LaunchScreen.storyboard in Resources */ = {isa = PBXBuildFile; fileRef = CDE760CB1E1B404E006535D8 /* LaunchScreen.storyboard */; };
/* End PBXBuildFile section */

/* Begin PBXFileReference section */
		CDA3D48C1E51A85A007C46BB /* File.swift */ = {isa = PBXFileReference; fileEncoding = 4; lastKnownFileType = sourcecode.swift; path = File.swift; sourceTree = "<group>"; };
		CDE760BF1E1B404E006535D8 /* Swift_Text_One.app */ = {isa = PBXFileReference; explicitFileType = wrapper.application; includeInIndex = 0; path = Swift_Text_One.app; sourceTree = BUILT_PRODUCTS_DIR; };
		CDE760C21E1B404E006535D8 /* AppDelegate.swift */ = {isa = PBXFileReference; lastKnownFileType = sourcecode.swift; path = AppDelegate.swift; sourceTree = "<group>"; };
		CDE760C41E1B404E006535D8 /* ViewController.swift */ = {isa = PBXFileReference; lastKnownFileType = sourcecode.swift; path = ViewController.swift; sourceTree = "<group>"; };
		CDE760C71E1B404E006535D8 /* Base */ = {isa = PBXFileReference; lastKnownFileType = file.storyboard; name = Base; path = Base.lproj/Main.storyboard; sourceTree = "<group>"; };
		CDE760C91E1B404E006535D8 /* Assets.xcassets */ = {isa = PBXFileReference; lastKnownFileType = folder.assetcatalog; path = Assets.xcassets; sourceTree = "<group>"; };
		CDE760CC1E1B404E006535D8 /* Base */ = {isa = PBXFileReference; lastKnownFileType = file.storyboard; name = Base; path = Base.lproj/LaunchScreen.storyboard; sourceTree = "<group>"; };
		CDE760CE1E1B404E006535D8 /* Info.plist */ = {isa = PBXFileReference; lastKnownFileType = text.plist.xml; path = Info.plist; sourceTree = "<group>"; };
/* End PBXFileReference section */

/* Begin PBXFrameworksBuildPhase section */
		CDE760BC1E1B404E006535D8 /* Frameworks */ = {
			isa = PBXFrameworksBuildPhase;
			buildActionMask = 2147483647;
			files = (
			);
			runOnlyForDeploymentPostprocessing = 0;
		};
/* End PBXFrameworksBuildPhase section */

/* Begin PBXGroup section */
		CDE760B61E1B404E006535D8 = {
			isa = PBXGroup;
			children = (
				CDE760C11E1B404E006535D8 /* Swift_Text_One */,
				CDE760C01E1B404E006535D8 /* Products */,
			);
			sourceTree = "<group>";
		};
		CDE760C01E1B404E006535D8 /* Products */ = {
			isa = PBXGroup;
			children = (
				CDE760BF1E1B404E006535D8 /* Swift_Text_One.app */,
			);
			name = Products;
			sourceTree = "<group>";
		};
		CDE760C11E1B404E006535D8 /* Swift_Text_One */ = {
			isa = PBXGroup;
			children = (
				CDE760C21E1B404E006535D8 /* AppDelegate.swift */,
				CDE760C41E1B404E006535D8 /* ViewController.swift */,
				CDA3D48C1E51A85A007C46BB /* File.swift */,
				CDE760C61E1B404E006535D8 /* Main.storyboard */,
				CDE760C91E1B404E006535D8 /* Assets.xcassets */,
				CDE760CB1E1B404E006535D8 /* LaunchScreen.storyboard */,
				CDE760CE1E1B404E006535D8 /* Info.plist */,
			);
			path = Swift_Text_One;
			sourceTree = "<group>";
		};
/* End PBXGroup section */

/* Begin PBXNativeTarget section */
		CDE760BE1E1B404E006535D8 /* Swift_Text_One */ = {
			isa = PBXNativeTarget;
			buildConfigurationList = CDE760D11E1B404E006535D8 /* Build configuration list for PBXNativeTarget "Swift_Text_One" */;
			buildPhases = (
				CDE760BB1E1B404E006535D8 /* Sources */,
				CDE760BC1E1B404E006535D8 /* Frameworks */,
				CDE760BD1E1B404E006535D8 /* Resources */,
			);
			buildRules = (
			);
			dependencies = (
			);
			name = Swift_Text_One;
			productName = Swift_Text_One;
			productReference = CDE760BF1E1B404E006535D8 /* Swift_Text_One.app */;
			productType = "com.apple.product-type.application";
		};
/* End PBXNativeTarget section */

/* Begin PBXProject section */
		CDE760B71E1B404E006535D8 /* Project object */ = {
			isa = PBXProject;
			attributes = {
				LastSwiftUpdateCheck = 0810;
				LastUpgradeCheck = 0810;
				ORGANIZATIONNAME = "霍驹";
				TargetAttributes = {
					CDE760BE1E1B404E006535D8 = {
						CreatedOnToolsVersion = 8.1;
						ProvisioningStyle = Automatic;
					};
				};
			};
			buildConfigurationList = CDE760BA1E1B404E006535D8 /* Build configuration list for PBXProject "Swift_Text_One" */;
			compatibilityVersion = "Xcode 3.2";
			developmentRegion = English;
			hasScannedForEncodings = 0;
			knownRegions = (
				en,
				Base,
			);
			mainGroup = CDE760B61E1B404E006535D8;
			productRefGroup = CDE760C01E1B404E006535D8 /* Products */;
			projectDirPath = "";
			projectRoot = "";
			targets = (
				CDE760BE1E1B404E006535D8 /* Swift_Text_One */,
			);
		};
/* End PBXProject section */

/* Begin PBXResourcesBuildPhase section */
		CDE760BD1E1B404E006535D8 /* Resources */ = {
			isa = PBXResourcesBuildPhase;
			buildActionMask = 2147483647;
			files = (
				CDE760CD1E1B404E006535D8 /* LaunchScreen.storyboard in Resources */,
				CDE760CA1E1B404E006535D8 /* Assets.xcassets in Resources */,
				CDE760C81E1B404E006535D8 /* Main.storyboard in Resources */,
			);
			runOnlyForDeploymentPostprocessing = 0;
		};
/* End PBXResourcesBuildPhase section */

/* Begin PBXSourcesBuildPhase section */
		CDE760BB1E1B404E006535D8 /* Sources */ = {
			isa = PBXSourcesBuildPhase;
			buildActionMask = 2147483647;
			files = (
				CDE760C51E1B404E006535D8 /* ViewController.swift in Sources */,
				CDA3D48D1E51A85A007C46BB /* File.swift in Sources */,
				CDE760C31E1B404E006535D8 /* AppDelegate.swift in Sources */,
			);
			runOnlyForDeploymentPostprocessing = 0;
		};
/* End PBXSourcesBuildPhase section */

/* Begin PBXVariantGroup section */
		CDE760C61E1B404E006535D8 /* Main.storyboard */ = {
			isa = PBXVariantGroup;
			children = (
				CDE760C71E1B404E006535D8 /* Base */,
			);
			name = Main.storyboard;
			sourceTree = "<group>";
		};
		CDE760CB1E1B404E006535D8 /* LaunchScreen.storyboard */ = {
			isa = PBXVariantGroup;
			children = (
				CDE760CC1E1B404E006535D8 /* Base */,
			);
			name = LaunchScreen.storyboard;
			sourceTree = "<group>";
		};
/* End PBXVariantGroup section */

/* Begin XCBuildConfiguration section */
		CDE760CF1E1B404E006535D8 /* Debug */ = {
			isa = XCBuildConfiguration;
			buildSettings = {
				ALWAYS_SEARCH_USER_PATHS = NO;
				CLANG_ANALYZER_NONNULL = YES;
				CLANG_CXX_LANGUAGE_STANDARD = "gnu++0x";
				CLANG_CXX_LIBRARY = "libc++";
				CLANG_ENABLE_MODULES = YES;
				CLANG_ENABLE_OBJC_ARC = YES;
				CLANG_WARN_BOOL_CONVERSION = YES;
				CLANG_WARN_CONSTANT_CONVERSION = YES;
				CLANG_WARN_DIRECT_OBJC_ISA_USAGE = YES_ERROR;
				CLANG_WARN_DOCUMENTATION_COMMENTS = YES;
				CLANG_WARN_EMPTY_BODY = YES;
				CLANG_WARN_ENUM_CONVERSION = YES;
				CLANG_WARN_INFINITE_RECURSION = YES;
				CLANG_WARN_INT_CONVERSION = YES;
				CLANG_WARN_OBJC_ROOT_CLASS = YES_ERROR;
				CLANG_WARN_SUSPICIOUS_MOVES = YES;
				CLANG_WARN_UNREACHABLE_CODE = YES;
				CLANG_WARN__DUPLICATE_METHOD_MATCH = YES;
				"CODE_SIGN_IDENTITY[sdk=iphoneos*]" = "iPhone Developer";
				COPY_PHASE_STRIP = NO;
				DEBUG_INFORMATION_FORMAT = dwarf;
				ENABLE_STRICT_OBJC_MSGSEND = YES;
				ENABLE_TESTABILITY = YES;
				GCC_C_LANGUAGE_STANDARD = gnu99;
				GCC_DYNAMIC_NO_PIC = NO;
				GCC_NO_COMMON_BLOCKS = YES;
				GCC_OPTIMIZATION_LEVEL = 0;
				GCC_PREPROCESSOR_DEFINITIONS = (
					"DEBUG=1",
					"$(inherited)",
				);
				GCC_WARN_64_TO_32_BIT_CONVERSION = YES;
				GCC_WARN_ABOUT_RETURN_TYPE = YES_ERROR;
				GCC_WARN_UNDECLARED_SELECTOR = YES;
				GCC_WARN_UNINITIALIZED_AUTOS = YES_AGGRESSIVE;
				GCC_WARN_UNUSED_FUNCTION = YES;
				GCC_WARN_UNUSED_VARIABLE = YES;
				IPHONEOS_DEPLOYMENT_TARGET = 10.1;
				MTL_ENABLE_DEBUG_INFO = YES;
				ONLY_ACTIVE_ARCH = YES;
				SDKROOT = iphoneos;
				SWIFT_ACTIVE_COMPILATION_CONDITIONS = DEBUG;
				SWIFT_OPTIMIZATION_LEVEL = "-Onone";
			};
			name = Debug;
		};
		CDE760D01E1B404E006535D8 /* Release */ = {
			isa = XCBuildConfiguration;
			buildSettings = {
				ALWAYS_SEARCH_USER_PATHS = NO;
				CLANG_ANALYZER_NONNULL = YES;
				CLANG_CXX_LANGUAGE_STANDARD = "gnu++0x";
				CLANG_CXX_LIBRARY = "libc++";
				CLANG_ENABLE_MODULES = YES;
				CLANG_ENABLE_OBJC_ARC = YES;
				CLANG_WARN_BOOL_CONVERSION = YES;
				CLANG_WARN_CONSTANT_CONVERSION = YES;
				CLANG_WARN_DIRECT_OBJC_ISA_USAGE = YES_ERROR;
				CLANG_WARN_DOCUMENTATION_COMMENTS = YES;
				CLANG_WARN_EMPTY_BODY = YES;
				CLANG_WARN_ENUM_CONVERSION = YES;
				CLANG_WARN_INFINITE_RECURSION = YES;
				CLANG_WARN_INT_CONVERSION = YES;
				CLANG_WARN_OBJC_ROOT_CLASS = YES_ERROR;
				CLANG_WARN_SUSPICIOUS_MOVES = YES;
				CLANG_WARN_UNREACHABLE_CODE = YES;
				CLANG_WARN__DUPLICATE_METHOD_MATCH = YES;
				"CODE_SIGN_IDENTITY[sdk=iphoneos*]" = "iPhone Developer";
				COPY_PHASE_STRIP = NO;
				DEBUG_INFORMATION_FORMAT = "dwarf-with-dsym";
				ENABLE_NS_ASSERTIONS = NO;
				ENABLE_STRICT_OBJC_MSGSEND = YES;
				GCC_C_LANGUAGE_STANDARD = gnu99;
				GCC_NO_COMMON_BLOCKS = YES;
				GCC_WARN_64_TO_32_BIT_CONVERSION = YES;
				GCC_WARN_ABOUT_RETURN_TYPE = YES_ERROR;
				GCC_WARN_UNDECLARED_SELECTOR = YES;
				GCC_WARN_UNINITIALIZED_AUTOS = YES_AGGRESSIVE;
				GCC_WARN_UNUSED_FUNCTION = YES;
				GCC_WARN_UNUSED_VARIABLE = YES;
				IPHONEOS_DEPLOYMENT_TARGET = 10.1;
				MTL_ENABLE_DEBUG_INFO = NO;
				SDKROOT = iphoneos;
				SWIFT_OPTIMIZATION_LEVEL = "-Owholemodule";
				VALIDATE_PRODUCT = YES;
			};
			name = Release;
		};
		CDE760D21E1B404E006535D8 /* Debug */ = {
			isa = XCBuildConfiguration;
			buildSettings = {
				ASSETCATALOG_COMPILER_APPICON_NAME = AppIcon;
				GCC_PREFIX_HEADER = "";
				INFOPLIST_FILE = Swift_Text_One/Info.plist;
				LD_RUNPATH_SEARCH_PATHS = "$(inherited) @executable_path/Frameworks";
				PRODUCT_BUNDLE_IDENTIFIER = "com.OneStepBeyond.Swift-Text-One";
				PRODUCT_NAME = "$(TARGET_NAME)";
				SWIFT_OBJC_BRIDGING_HEADER = "";
				SWIFT_VERSION = 3.0;
			};
			name = Debug;
		};
		CDE760D31E1B404E006535D8 /* Release */ = {
			isa = XCBuildConfiguration;
			buildSettings = {
				ASSETCATALOG_COMPILER_APPICON_NAME = AppIcon;
				GCC_PREFIX_HEADER = "";
				INFOPLIST_FILE = Swift_Text_One/Info.plist;
				LD_RUNPATH_SEARCH_PATHS = "$(inherited) @executable_path/Frameworks";
				PRODUCT_BUNDLE_IDENTIFIER = "com.OneStepBeyond.Swift-Text-One";
				PRODUCT_NAME = "$(TARGET_NAME)";
				SWIFT_OBJC_BRIDGING_HEADER = "";
				SWIFT_VERSION = 3.0;
			};
			name = Release;
		};
/* End XCBuildConfiguration section */

/* Begin XCConfigurationList section */
		CDE760BA1E1B404E006535D8 /* Build configuration list for PBXProject "Swift_Text_One" */ = {
			isa = XCConfigurationList;
			buildConfigurations = (
				CDE760CF1E1B404E006535D8 /* Debug */,
				CDE760D01E1B404E006535D8 /* Release */,
			);
			defaultConfigurationIsVisible = 0;
			defaultConfigurationName = Release;
		};
		CDE760D11E1B404E006535D8 /* Build configuration list for PBXNativeTarget "Swift_Text_One" */ = {
			isa = XCConfigurationList;
			buildConfigurations = (
				CDE760D21E1B404E006535D8 /* Debug */,
				CDE760D31E1B404E006535D8 /* Release */,
			);
			defaultConfigurationIsVisible = 0;
			defaultConfigurationName = Release;
		};
/* End XCConfigurationList section */
	};
	rootObject = CDE760B71E1B404E006535D8 /* Project object */;
}
