// !$*UTF8*$!
{
	archiveVersion = 1;
	classes = {
	};
	objectVersion = 46;
	objects = {

/* Begin PBXBuildFile section */
		CDCDC4F41E5D224600863140 /* AppDelegate.swift in Sources */ = {isa = PBXBuildFile; fileRef = CDCDC4F31E5D224600863140 /* AppDelegate.swift */; };
		CDCDC4F61E5D224600863140 /* ViewController.swift in Sources */ = {isa = PBXBuildFile; fileRef = CDCDC4F51E5D224600863140 /* ViewController.swift */; };
		CDCDC4F91E5D224600863140 /* Main.storyboard in Resources */ = {isa = PBXBuildFile; fileRef = CDCDC4F71E5D224600863140 /* Main.storyboard */; };
		CDCDC4FB1E5D224600863140 /* Assets.xcassets in Resources */ = {isa = PBXBuildFile; fileRef = CDCDC4FA1E5D224600863140 /* Assets.xcassets */; };
		CDCDC4FE1E5D224600863140 /* LaunchScreen.storyboard in Resources */ = {isa = PBXBuildFile; fileRef = CDCDC4FC1E5D224600863140 /* LaunchScreen.storyboard */; };
		CDCDC5061E5D22A400863140 /* Pch.swift in Sources */ = {isa = PBXBuildFile; fileRef = CDCDC5051E5D22A400863140 /* Pch.swift */; };
		CDCDC5081E5D234F00863140 /* GradientTableViewController.swift in Sources */ = {isa = PBXBuildFile; fileRef = CDCDC5071E5D234F00863140 /* GradientTableViewController.swift */; };
		CDCDC50A1E5D28CC00863140 /* TableViewCell.swift in Sources */ = {isa = PBXBuildFile; fileRef = CDCDC5091E5D28CC00863140 /* TableViewCell.swift */; };
/* End PBXBuildFile section */

/* Begin PBXFileReference section */
		CDCDC4F01E5D224600863140 /* 第十天渐变及动画table.app */ = {isa = PBXFileReference; explicitFileType = wrapper.application; includeInIndex = 0; path = "第十天渐变及动画table.app"; sourceTree = BUILT_PRODUCTS_DIR; };
		CDCDC4F31E5D224600863140 /* AppDelegate.swift */ = {isa = PBXFileReference; lastKnownFileType = sourcecode.swift; path = AppDelegate.swift; sourceTree = "<group>"; };
		CDCDC4F51E5D224600863140 /* ViewController.swift */ = {isa = PBXFileReference; lastKnownFileType = sourcecode.swift; path = ViewController.swift; sourceTree = "<group>"; };
		CDCDC4F81E5D224600863140 /* Base */ = {isa = PBXFileReference; lastKnownFileType = file.storyboard; name = Base; path = Base.lproj/Main.storyboard; sourceTree = "<group>"; };
		CDCDC4FA1E5D224600863140 /* Assets.xcassets */ = {isa = PBXFileReference; lastKnownFileType = folder.assetcatalog; path = Assets.xcassets; sourceTree = "<group>"; };
		CDCDC4FD1E5D224600863140 /* Base */ = {isa = PBXFileReference; lastKnownFileType = file.storyboard; name = Base; path = Base.lproj/LaunchScreen.storyboard; sourceTree = "<group>"; };
		CDCDC4FF1E5D224600863140 /* Info.plist */ = {isa = PBXFileReference; lastKnownFileType = text.plist.xml; path = Info.plist; sourceTree = "<group>"; };
		CDCDC5051E5D22A400863140 /* Pch.swift */ = {isa = PBXFileReference; fileEncoding = 4; lastKnownFileType = sourcecode.swift; path = Pch.swift; sourceTree = "<group>"; };
		CDCDC5071E5D234F00863140 /* GradientTableViewController.swift */ = {isa = PBXFileReference; fileEncoding = 4; lastKnownFileType = sourcecode.swift; path = GradientTableViewController.swift; sourceTree = "<group>"; };
		CDCDC5091E5D28CC00863140 /* TableViewCell.swift */ = {isa = PBXFileReference; fileEncoding = 4; lastKnownFileType = sourcecode.swift; path = TableViewCell.swift; sourceTree = "<group>"; };
/* End PBXFileReference section */

/* Begin PBXFrameworksBuildPhase section */
		CDCDC4ED1E5D224600863140 /* Frameworks */ = {
			isa = PBXFrameworksBuildPhase;
			buildActionMask = 2147483647;
			files = (
			);
			runOnlyForDeploymentPostprocessing = 0;
		};
/* End PBXFrameworksBuildPhase section */

/* Begin PBXGroup section */
		CDCDC4E71E5D224600863140 = {
			isa = PBXGroup;
			children = (
				CDCDC4F21E5D224600863140 /* 第十天渐变及动画table */,
				CDCDC4F11E5D224600863140 /* Products */,
			);
			sourceTree = "<group>";
		};
		CDCDC4F11E5D224600863140 /* Products */ = {
			isa = PBXGroup;
			children = (
				CDCDC4F01E5D224600863140 /* 第十天渐变及动画table.app */,
			);
			name = Products;
			sourceTree = "<group>";
		};
		CDCDC4F21E5D224600863140 /* 第十天渐变及动画table */ = {
			isa = PBXGroup;
			children = (
				CDCDC4F31E5D224600863140 /* AppDelegate.swift */,
				CDCDC4F51E5D224600863140 /* ViewController.swift */,
				CDCDC5071E5D234F00863140 /* GradientTableViewController.swift */,
				CDCDC5091E5D28CC00863140 /* TableViewCell.swift */,
				CDCDC5051E5D22A400863140 /* Pch.swift */,
				CDCDC4F71E5D224600863140 /* Main.storyboard */,
				CDCDC4FA1E5D224600863140 /* Assets.xcassets */,
				CDCDC4FC1E5D224600863140 /* LaunchScreen.storyboard */,
				CDCDC4FF1E5D224600863140 /* Info.plist */,
			);
			path = "第十天渐变及动画table";
			sourceTree = "<group>";
		};
/* End PBXGroup section */

/* Begin PBXNativeTarget section */
		CDCDC4EF1E5D224600863140 /* 第十天渐变及动画table */ = {
			isa = PBXNativeTarget;
			buildConfigurationList = CDCDC5021E5D224600863140 /* Build configuration list for PBXNativeTarget "第十天渐变及动画table" */;
			buildPhases = (
				CDCDC4EC1E5D224600863140 /* Sources */,
				CDCDC4ED1E5D224600863140 /* Frameworks */,
				CDCDC4EE1E5D224600863140 /* Resources */,
			);
			buildRules = (
			);
			dependencies = (
			);
			name = "第十天渐变及动画table";
			productName = "第十天渐变及动画table";
			productReference = CDCDC4F01E5D224600863140 /* 第十天渐变及动画table.app */;
			productType = "com.apple.product-type.application";
		};
/* End PBXNativeTarget section */

/* Begin PBXProject section */
		CDCDC4E81E5D224600863140 /* Project object */ = {
			isa = PBXProject;
			attributes = {
				LastSwiftUpdateCheck = 0810;
				LastUpgradeCheck = 0810;
				ORGANIZATIONNAME = "霍驹";
				TargetAttributes = {
					CDCDC4EF1E5D224600863140 = {
						CreatedOnToolsVersion = 8.1;
						ProvisioningStyle = Automatic;
					};
				};
			};
			buildConfigurationList = CDCDC4EB1E5D224600863140 /* Build configuration list for PBXProject "第十天渐变及动画table" */;
			compatibilityVersion = "Xcode 3.2";
			developmentRegion = English;
			hasScannedForEncodings = 0;
			knownRegions = (
				en,
				Base,
			);
			mainGroup = CDCDC4E71E5D224600863140;
			productRefGroup = CDCDC4F11E5D224600863140 /* Products */;
			projectDirPath = "";
			projectRoot = "";
			targets = (
				CDCDC4EF1E5D224600863140 /* 第十天渐变及动画table */,
			);
		};
/* End PBXProject section */

/* Begin PBXResourcesBuildPhase section */
		CDCDC4EE1E5D224600863140 /* Resources */ = {
			isa = PBXResourcesBuildPhase;
			buildActionMask = 2147483647;
			files = (
				CDCDC4FE1E5D224600863140 /* LaunchScreen.storyboard in Resources */,
				CDCDC4FB1E5D224600863140 /* Assets.xcassets in Resources */,
				CDCDC4F91E5D224600863140 /* Main.storyboard in Resources */,
			);
			runOnlyForDeploymentPostprocessing = 0;
		};
/* End PBXResourcesBuildPhase section */

/* Begin PBXSourcesBuildPhase section */
		CDCDC4EC1E5D224600863140 /* Sources */ = {
			isa = PBXSourcesBuildPhase;
			buildActionMask = 2147483647;
			files = (
				CDCDC50A1E5D28CC00863140 /* TableViewCell.swift in Sources */,
				CDCDC5061E5D22A400863140 /* Pch.swift in Sources */,
				CDCDC4F61E5D224600863140 /* ViewController.swift in Sources */,
				CDCDC4F41E5D224600863140 /* AppDelegate.swift in Sources */,
				CDCDC5081E5D234F00863140 /* GradientTableViewController.swift in Sources */,
			);
			runOnlyForDeploymentPostprocessing = 0;
		};
/* End PBXSourcesBuildPhase section */

/* Begin PBXVariantGroup section */
		CDCDC4F71E5D224600863140 /* Main.storyboard */ = {
			isa = PBXVariantGroup;
			children = (
				CDCDC4F81E5D224600863140 /* Base */,
			);
			name = Main.storyboard;
			sourceTree = "<group>";
		};
		CDCDC4FC1E5D224600863140 /* LaunchScreen.storyboard */ = {
			isa = PBXVariantGroup;
			children = (
				CDCDC4FD1E5D224600863140 /* Base */,
			);
			name = LaunchScreen.storyboard;
			sourceTree = "<group>";
		};
/* End PBXVariantGroup section */

/* Begin XCBuildConfiguration section */
		CDCDC5001E5D224600863140 /* Debug */ = {
			isa = XCBuildConfiguration;
			buildSettings = {
				ALWAYS_SEARCH_USER_PATHS = NO;
				CLANG_ANALYZER_NONNULL = YES;
				CLANG_CXX_LANGUAGE_STANDARD = "gnu++0x";
				CLANG_CXX_LIBRARY = "libc++";
				CLANG_ENABLE_MODULES = YES;
				CLANG_ENABLE_OBJC_ARC = YES;
				CLANG_WARN_BOOL_CONVERSION = YES;
				CLANG_WARN_CONSTANT_CONVERSION = YES;
				CLANG_WARN_DIRECT_OBJC_ISA_USAGE = YES_ERROR;
				CLANG_WARN_DOCUMENTATION_COMMENTS = YES;
				CLANG_WARN_EMPTY_BODY = YES;
				CLANG_WARN_ENUM_CONVERSION = YES;
				CLANG_WARN_INFINITE_RECURSION = YES;
				CLANG_WARN_INT_CONVERSION = YES;
				CLANG_WARN_OBJC_ROOT_CLASS = YES_ERROR;
				CLANG_WARN_SUSPICIOUS_MOVES = YES;
				CLANG_WARN_UNREACHABLE_CODE = YES;
				CLANG_WARN__DUPLICATE_METHOD_MATCH = YES;
				"CODE_SIGN_IDENTITY[sdk=iphoneos*]" = "iPhone Developer";
				COPY_PHASE_STRIP = NO;
				DEBUG_INFORMATION_FORMAT = dwarf;
				ENABLE_STRICT_OBJC_MSGSEND = YES;
				ENABLE_TESTABILITY = YES;
				GCC_C_LANGUAGE_STANDARD = gnu99;
				GCC_DYNAMIC_NO_PIC = NO;
				GCC_NO_COMMON_BLOCKS = YES;
				GCC_OPTIMIZATION_LEVEL = 0;
				GCC_PREPROCESSOR_DEFINITIONS = (
					"DEBUG=1",
					"$(inherited)",
				);
				GCC_WARN_64_TO_32_BIT_CONVERSION = YES;
				GCC_WARN_ABOUT_RETURN_TYPE = YES_ERROR;
				GCC_WARN_UNDECLARED_SELECTOR = YES;
				GCC_WARN_UNINITIALIZED_AUTOS = YES_AGGRESSIVE;
				GCC_WARN_UNUSED_FUNCTION = YES;
				GCC_WARN_UNUSED_VARIABLE = YES;
				IPHONEOS_DEPLOYMENT_TARGET = 10.1;
				MTL_ENABLE_DEBUG_INFO = YES;
				ONLY_ACTIVE_ARCH = YES;
				SDKROOT = iphoneos;
				SWIFT_ACTIVE_COMPILATION_CONDITIONS = DEBUG;
				SWIFT_OPTIMIZATION_LEVEL = "-Onone";
			};
			name = Debug;
		};
		CDCDC5011E5D224600863140 /* Release */ = {
			isa = XCBuildConfiguration;
			buildSettings = {
				ALWAYS_SEARCH_USER_PATHS = NO;
				CLANG_ANALYZER_NONNULL = YES;
				CLANG_CXX_LANGUAGE_STANDARD = "gnu++0x";
				CLANG_CXX_LIBRARY = "libc++";
				CLANG_ENABLE_MODULES = YES;
				CLANG_ENABLE_OBJC_ARC = YES;
				CLANG_WARN_BOOL_CONVERSION = YES;
				CLANG_WARN_CONSTANT_CONVERSION = YES;
				CLANG_WARN_DIRECT_OBJC_ISA_USAGE = YES_ERROR;
				CLANG_WARN_DOCUMENTATION_COMMENTS = YES;
				CLANG_WARN_EMPTY_BODY = YES;
				CLANG_WARN_ENUM_CONVERSION = YES;
				CLANG_WARN_INFINITE_RECURSION = YES;
				CLANG_WARN_INT_CONVERSION = YES;
				CLANG_WARN_OBJC_ROOT_CLASS = YES_ERROR;
				CLANG_WARN_SUSPICIOUS_MOVES = YES;
				CLANG_WARN_UNREACHABLE_CODE = YES;
				CLANG_WARN__DUPLICATE_METHOD_MATCH = YES;
				"CODE_SIGN_IDENTITY[sdk=iphoneos*]" = "iPhone Developer";
				COPY_PHASE_STRIP = NO;
				DEBUG_INFORMATION_FORMAT = "dwarf-with-dsym";
				ENABLE_NS_ASSERTIONS = NO;
				ENABLE_STRICT_OBJC_MSGSEND = YES;
				GCC_C_LANGUAGE_STANDARD = gnu99;
				GCC_NO_COMMON_BLOCKS = YES;
				GCC_WARN_64_TO_32_BIT_CONVERSION = YES;
				GCC_WARN_ABOUT_RETURN_TYPE = YES_ERROR;
				GCC_WARN_UNDECLARED_SELECTOR = YES;
				GCC_WARN_UNINITIALIZED_AUTOS = YES_AGGRESSIVE;
				GCC_WARN_UNUSED_FUNCTION = YES;
				GCC_WARN_UNUSED_VARIABLE = YES;
				IPHONEOS_DEPLOYMENT_TARGET = 10.1;
				MTL_ENABLE_DEBUG_INFO = NO;
				SDKROOT = iphoneos;
				SWIFT_OPTIMIZATION_LEVEL = "-Owholemodule";
				VALIDATE_PRODUCT = YES;
			};
			name = Release;
		};
		CDCDC5031E5D224600863140 /* Debug */ = {
			isa = XCBuildConfiguration;
			buildSettings = {
				ASSETCATALOG_COMPILER_APPICON_NAME = AppIcon;
				INFOPLIST_FILE = "第十天渐变及动画table/Info.plist";
				LD_RUNPATH_SEARCH_PATHS = "$(inherited) @executable_path/Frameworks";
				PRODUCT_BUNDLE_IDENTIFIER = "com.OneStepBeyond.--------table";
				PRODUCT_NAME = "$(TARGET_NAME)";
				SWIFT_VERSION = 3.0;
			};
			name = Debug;
		};
		CDCDC5041E5D224600863140 /* Release */ = {
			isa = XCBuildConfiguration;
			buildSettings = {
				ASSETCATALOG_COMPILER_APPICON_NAME = AppIcon;
				INFOPLIST_FILE = "第十天渐变及动画table/Info.plist";
				LD_RUNPATH_SEARCH_PATHS = "$(inherited) @executable_path/Frameworks";
				PRODUCT_BUNDLE_IDENTIFIER = "com.OneStepBeyond.--------table";
				PRODUCT_NAME = "$(TARGET_NAME)";
				SWIFT_VERSION = 3.0;
			};
			name = Release;
		};
/* End XCBuildConfiguration section */

/* Begin XCConfigurationList section */
		CDCDC4EB1E5D224600863140 /* Build configuration list for PBXProject "第十天渐变及动画table" */ = {
			isa = XCConfigurationList;
			buildConfigurations = (
				CDCDC5001E5D224600863140 /* Debug */,
				CDCDC5011E5D224600863140 /* Release */,
			);
			defaultConfigurationIsVisible = 0;
			defaultConfigurationName = Release;
		};
		CDCDC5021E5D224600863140 /* Build configuration list for PBXNativeTarget "第十天渐变及动画table" */ = {
			isa = XCConfigurationList;
			buildConfigurations = (
				CDCDC5031E5D224600863140 /* Debug */,
				CDCDC5041E5D224600863140 /* Release */,
			);
			defaultConfigurationIsVisible = 0;
		};
/* End XCConfigurationList section */
	};
	rootObject = CDCDC4E81E5D224600863140 /* Project object */;
}
