// !$*UTF8*$!
{
	archiveVersion = 1;
	classes = {
	};
	objectVersion = 46;
	objects = {

/* Begin PBXBuildFile section */
		CDCAA8EF1E5C2AF30080BCE8 /* AppDelegate.swift in Sources */ = {isa = PBXBuildFile; fileRef = CDCAA8EE1E5C2AF30080BCE8 /* AppDelegate.swift */; };
		CDCAA8F11E5C2AF30080BCE8 /* ViewController.swift in Sources */ = {isa = PBXBuildFile; fileRef = CDCAA8F01E5C2AF30080BCE8 /* ViewController.swift */; };
		CDCAA8F41E5C2AF30080BCE8 /* Main.storyboard in Resources */ = {isa = PBXBuildFile; fileRef = CDCAA8F21E5C2AF30080BCE8 /* Main.storyboard */; };
		CDCAA8F61E5C2AF30080BCE8 /* Assets.xcassets in Resources */ = {isa = PBXBuildFile; fileRef = CDCAA8F51E5C2AF30080BCE8 /* Assets.xcassets */; };
		CDCAA8F91E5C2AF30080BCE8 /* LaunchScreen.storyboard in Resources */ = {isa = PBXBuildFile; fileRef = CDCAA8F71E5C2AF30080BCE8 /* LaunchScreen.storyboard */; };
		CDCAA9011E5C2B570080BCE8 /* VideoCutter.swift in Sources */ = {isa = PBXBuildFile; fileRef = CDCAA9001E5C2B570080BCE8 /* VideoCutter.swift */; };
		CDCAA9031E5C37240080BCE8 /* VideoBgViewController.swift in Sources */ = {isa = PBXBuildFile; fileRef = CDCAA9021E5C37240080BCE8 /* VideoBgViewController.swift */; };
		CDCAA9051E5C39900080BCE8 /* Pch.swift in Sources */ = {isa = PBXBuildFile; fileRef = CDCAA9041E5C39900080BCE8 /* Pch.swift */; };
		CDCAA9071E5C54490080BCE8 /* moments.mp4 in Resources */ = {isa = PBXBuildFile; fileRef = CDCAA9061E5C54490080BCE8 /* moments.mp4 */; };
/* End PBXBuildFile section */

/* Begin PBXFileReference section */
		CDCAA8EB1E5C2AF30080BCE8 /* 第九天视频背景.app */ = {isa = PBXFileReference; explicitFileType = wrapper.application; includeInIndex = 0; path = "第九天视频背景.app"; sourceTree = BUILT_PRODUCTS_DIR; };
		CDCAA8EE1E5C2AF30080BCE8 /* AppDelegate.swift */ = {isa = PBXFileReference; lastKnownFileType = sourcecode.swift; path = AppDelegate.swift; sourceTree = "<group>"; };
		CDCAA8F01E5C2AF30080BCE8 /* ViewController.swift */ = {isa = PBXFileReference; lastKnownFileType = sourcecode.swift; path = ViewController.swift; sourceTree = "<group>"; };
		CDCAA8F31E5C2AF30080BCE8 /* Base */ = {isa = PBXFileReference; lastKnownFileType = file.storyboard; name = Base; path = Base.lproj/Main.storyboard; sourceTree = "<group>"; };
		CDCAA8F51E5C2AF30080BCE8 /* Assets.xcassets */ = {isa = PBXFileReference; lastKnownFileType = folder.assetcatalog; path = Assets.xcassets; sourceTree = "<group>"; };
		CDCAA8F81E5C2AF30080BCE8 /* Base */ = {isa = PBXFileReference; lastKnownFileType = file.storyboard; name = Base; path = Base.lproj/LaunchScreen.storyboard; sourceTree = "<group>"; };
		CDCAA8FA1E5C2AF30080BCE8 /* Info.plist */ = {isa = PBXFileReference; lastKnownFileType = text.plist.xml; path = Info.plist; sourceTree = "<group>"; };
		CDCAA9001E5C2B570080BCE8 /* VideoCutter.swift */ = {isa = PBXFileReference; fileEncoding = 4; lastKnownFileType = sourcecode.swift; path = VideoCutter.swift; sourceTree = "<group>"; };
		CDCAA9021E5C37240080BCE8 /* VideoBgViewController.swift */ = {isa = PBXFileReference; fileEncoding = 4; lastKnownFileType = sourcecode.swift; path = VideoBgViewController.swift; sourceTree = "<group>"; };
		CDCAA9041E5C39900080BCE8 /* Pch.swift */ = {isa = PBXFileReference; fileEncoding = 4; lastKnownFileType = sourcecode.swift; path = Pch.swift; sourceTree = "<group>"; };
		CDCAA9061E5C54490080BCE8 /* moments.mp4 */ = {isa = PBXFileReference; lastKnownFileType = file; path = moments.mp4; sourceTree = "<group>"; };
/* End PBXFileReference section */

/* Begin PBXFrameworksBuildPhase section */
		CDCAA8E81E5C2AF30080BCE8 /* Frameworks */ = {
			isa = PBXFrameworksBuildPhase;
			buildActionMask = 2147483647;
			files = (
			);
			runOnlyForDeploymentPostprocessing = 0;
		};
/* End PBXFrameworksBuildPhase section */

/* Begin PBXGroup section */
		CDCAA8E21E5C2AF30080BCE8 = {
			isa = PBXGroup;
			children = (
				CDCAA8ED1E5C2AF30080BCE8 /* 第九天视频背景 */,
				CDCAA8EC1E5C2AF30080BCE8 /* Products */,
			);
			sourceTree = "<group>";
		};
		CDCAA8EC1E5C2AF30080BCE8 /* Products */ = {
			isa = PBXGroup;
			children = (
				CDCAA8EB1E5C2AF30080BCE8 /* 第九天视频背景.app */,
			);
			name = Products;
			sourceTree = "<group>";
		};
		CDCAA8ED1E5C2AF30080BCE8 /* 第九天视频背景 */ = {
			isa = PBXGroup;
			children = (
				CDCAA9061E5C54490080BCE8 /* moments.mp4 */,
				CDCAA8EE1E5C2AF30080BCE8 /* AppDelegate.swift */,
				CDCAA8F01E5C2AF30080BCE8 /* ViewController.swift */,
				CDCAA9001E5C2B570080BCE8 /* VideoCutter.swift */,
				CDCAA9021E5C37240080BCE8 /* VideoBgViewController.swift */,
				CDCAA9041E5C39900080BCE8 /* Pch.swift */,
				CDCAA8F21E5C2AF30080BCE8 /* Main.storyboard */,
				CDCAA8F51E5C2AF30080BCE8 /* Assets.xcassets */,
				CDCAA8F71E5C2AF30080BCE8 /* LaunchScreen.storyboard */,
				CDCAA8FA1E5C2AF30080BCE8 /* Info.plist */,
			);
			path = "第九天视频背景";
			sourceTree = "<group>";
		};
/* End PBXGroup section */

/* Begin PBXNativeTarget section */
		CDCAA8EA1E5C2AF30080BCE8 /* 第九天视频背景 */ = {
			isa = PBXNativeTarget;
			buildConfigurationList = CDCAA8FD1E5C2AF30080BCE8 /* Build configuration list for PBXNativeTarget "第九天视频背景" */;
			buildPhases = (
				CDCAA8E71E5C2AF30080BCE8 /* Sources */,
				CDCAA8E81E5C2AF30080BCE8 /* Frameworks */,
				CDCAA8E91E5C2AF30080BCE8 /* Resources */,
			);
			buildRules = (
			);
			dependencies = (
			);
			name = "第九天视频背景";
			productName = "第九天视频背景";
			productReference = CDCAA8EB1E5C2AF30080BCE8 /* 第九天视频背景.app */;
			productType = "com.apple.product-type.application";
		};
/* End PBXNativeTarget section */

/* Begin PBXProject section */
		CDCAA8E31E5C2AF30080BCE8 /* Project object */ = {
			isa = PBXProject;
			attributes = {
				LastSwiftUpdateCheck = 0810;
				LastUpgradeCheck = 0810;
				ORGANIZATIONNAME = "霍驹";
				TargetAttributes = {
					CDCAA8EA1E5C2AF30080BCE8 = {
						CreatedOnToolsVersion = 8.1;
						ProvisioningStyle = Automatic;
					};
				};
			};
			buildConfigurationList = CDCAA8E61E5C2AF30080BCE8 /* Build configuration list for PBXProject "第九天视频背景" */;
			compatibilityVersion = "Xcode 3.2";
			developmentRegion = English;
			hasScannedForEncodings = 0;
			knownRegions = (
				en,
				Base,
			);
			mainGroup = CDCAA8E21E5C2AF30080BCE8;
			productRefGroup = CDCAA8EC1E5C2AF30080BCE8 /* Products */;
			projectDirPath = "";
			projectRoot = "";
			targets = (
				CDCAA8EA1E5C2AF30080BCE8 /* 第九天视频背景 */,
			);
		};
/* End PBXProject section */

/* Begin PBXResourcesBuildPhase section */
		CDCAA8E91E5C2AF30080BCE8 /* Resources */ = {
			isa = PBXResourcesBuildPhase;
			buildActionMask = 2147483647;
			files = (
				CDCAA8F91E5C2AF30080BCE8 /* LaunchScreen.storyboard in Resources */,
				CDCAA9071E5C54490080BCE8 /* moments.mp4 in Resources */,
				CDCAA8F61E5C2AF30080BCE8 /* Assets.xcassets in Resources */,
				CDCAA8F41E5C2AF30080BCE8 /* Main.storyboard in Resources */,
			);
			runOnlyForDeploymentPostprocessing = 0;
		};
/* End PBXResourcesBuildPhase section */

/* Begin PBXSourcesBuildPhase section */
		CDCAA8E71E5C2AF30080BCE8 /* Sources */ = {
			isa = PBXSourcesBuildPhase;
			buildActionMask = 2147483647;
			files = (
				CDCAA9051E5C39900080BCE8 /* Pch.swift in Sources */,
				CDCAA9011E5C2B570080BCE8 /* VideoCutter.swift in Sources */,
				CDCAA9031E5C37240080BCE8 /* VideoBgViewController.swift in Sources */,
				CDCAA8F11E5C2AF30080BCE8 /* ViewController.swift in Sources */,
				CDCAA8EF1E5C2AF30080BCE8 /* AppDelegate.swift in Sources */,
			);
			runOnlyForDeploymentPostprocessing = 0;
		};
/* End PBXSourcesBuildPhase section */

/* Begin PBXVariantGroup section */
		CDCAA8F21E5C2AF30080BCE8 /* Main.storyboard */ = {
			isa = PBXVariantGroup;
			children = (
				CDCAA8F31E5C2AF30080BCE8 /* Base */,
			);
			name = Main.storyboard;
			sourceTree = "<group>";
		};
		CDCAA8F71E5C2AF30080BCE8 /* LaunchScreen.storyboard */ = {
			isa = PBXVariantGroup;
			children = (
				CDCAA8F81E5C2AF30080BCE8 /* Base */,
			);
			name = LaunchScreen.storyboard;
			sourceTree = "<group>";
		};
/* End PBXVariantGroup section */

/* Begin XCBuildConfiguration section */
		CDCAA8FB1E5C2AF30080BCE8 /* Debug */ = {
			isa = XCBuildConfiguration;
			buildSettings = {
				ALWAYS_SEARCH_USER_PATHS = NO;
				CLANG_ANALYZER_NONNULL = YES;
				CLANG_CXX_LANGUAGE_STANDARD = "gnu++0x";
				CLANG_CXX_LIBRARY = "libc++";
				CLANG_ENABLE_MODULES = YES;
				CLANG_ENABLE_OBJC_ARC = YES;
				CLANG_WARN_BOOL_CONVERSION = YES;
				CLANG_WARN_CONSTANT_CONVERSION = YES;
				CLANG_WARN_DIRECT_OBJC_ISA_USAGE = YES_ERROR;
				CLANG_WARN_DOCUMENTATION_COMMENTS = YES;
				CLANG_WARN_EMPTY_BODY = YES;
				CLANG_WARN_ENUM_CONVERSION = YES;
				CLANG_WARN_INFINITE_RECURSION = YES;
				CLANG_WARN_INT_CONVERSION = YES;
				CLANG_WARN_OBJC_ROOT_CLASS = YES_ERROR;
				CLANG_WARN_SUSPICIOUS_MOVES = YES;
				CLANG_WARN_UNREACHABLE_CODE = YES;
				CLANG_WARN__DUPLICATE_METHOD_MATCH = YES;
				"CODE_SIGN_IDENTITY[sdk=iphoneos*]" = "iPhone Developer";
				COPY_PHASE_STRIP = NO;
				DEBUG_INFORMATION_FORMAT = dwarf;
				ENABLE_STRICT_OBJC_MSGSEND = YES;
				ENABLE_TESTABILITY = YES;
				GCC_C_LANGUAGE_STANDARD = gnu99;
				GCC_DYNAMIC_NO_PIC = NO;
				GCC_NO_COMMON_BLOCKS = YES;
				GCC_OPTIMIZATION_LEVEL = 0;
				GCC_PREPROCESSOR_DEFINITIONS = (
					"DEBUG=1",
					"$(inherited)",
				);
				GCC_WARN_64_TO_32_BIT_CONVERSION = YES;
				GCC_WARN_ABOUT_RETURN_TYPE = YES_ERROR;
				GCC_WARN_UNDECLARED_SELECTOR = YES;
				GCC_WARN_UNINITIALIZED_AUTOS = YES_AGGRESSIVE;
				GCC_WARN_UNUSED_FUNCTION = YES;
				GCC_WARN_UNUSED_VARIABLE = YES;
				IPHONEOS_DEPLOYMENT_TARGET = 10.1;
				MTL_ENABLE_DEBUG_INFO = YES;
				ONLY_ACTIVE_ARCH = YES;
				SDKROOT = iphoneos;
				SWIFT_ACTIVE_COMPILATION_CONDITIONS = DEBUG;
				SWIFT_OPTIMIZATION_LEVEL = "-Onone";
			};
			name = Debug;
		};
		CDCAA8FC1E5C2AF30080BCE8 /* Release */ = {
			isa = XCBuildConfiguration;
			buildSettings = {
				ALWAYS_SEARCH_USER_PATHS = NO;
				CLANG_ANALYZER_NONNULL = YES;
				CLANG_CXX_LANGUAGE_STANDARD = "gnu++0x";
				CLANG_CXX_LIBRARY = "libc++";
				CLANG_ENABLE_MODULES = YES;
				CLANG_ENABLE_OBJC_ARC = YES;
				CLANG_WARN_BOOL_CONVERSION = YES;
				CLANG_WARN_CONSTANT_CONVERSION = YES;
				CLANG_WARN_DIRECT_OBJC_ISA_USAGE = YES_ERROR;
				CLANG_WARN_DOCUMENTATION_COMMENTS = YES;
				CLANG_WARN_EMPTY_BODY = YES;
				CLANG_WARN_ENUM_CONVERSION = YES;
				CLANG_WARN_INFINITE_RECURSION = YES;
				CLANG_WARN_INT_CONVERSION = YES;
				CLANG_WARN_OBJC_ROOT_CLASS = YES_ERROR;
				CLANG_WARN_SUSPICIOUS_MOVES = YES;
				CLANG_WARN_UNREACHABLE_CODE = YES;
				CLANG_WARN__DUPLICATE_METHOD_MATCH = YES;
				"CODE_SIGN_IDENTITY[sdk=iphoneos*]" = "iPhone Developer";
				COPY_PHASE_STRIP = NO;
				DEBUG_INFORMATION_FORMAT = "dwarf-with-dsym";
				ENABLE_NS_ASSERTIONS = NO;
				ENABLE_STRICT_OBJC_MSGSEND = YES;
				GCC_C_LANGUAGE_STANDARD = gnu99;
				GCC_NO_COMMON_BLOCKS = YES;
				GCC_WARN_64_TO_32_BIT_CONVERSION = YES;
				GCC_WARN_ABOUT_RETURN_TYPE = YES_ERROR;
				GCC_WARN_UNDECLARED_SELECTOR = YES;
				GCC_WARN_UNINITIALIZED_AUTOS = YES_AGGRESSIVE;
				GCC_WARN_UNUSED_FUNCTION = YES;
				GCC_WARN_UNUSED_VARIABLE = YES;
				IPHONEOS_DEPLOYMENT_TARGET = 10.1;
				MTL_ENABLE_DEBUG_INFO = NO;
				SDKROOT = iphoneos;
				SWIFT_OPTIMIZATION_LEVEL = "-Owholemodule";
				VALIDATE_PRODUCT = YES;
			};
			name = Release;
		};
		CDCAA8FE1E5C2AF30080BCE8 /* Debug */ = {
			isa = XCBuildConfiguration;
			buildSettings = {
				ASSETCATALOG_COMPILER_APPICON_NAME = AppIcon;
				INFOPLIST_FILE = "第九天视频背景/Info.plist";
				LD_RUNPATH_SEARCH_PATHS = "$(inherited) @executable_path/Frameworks";
				PRODUCT_BUNDLE_IDENTIFIER = "com.OneStepBeyond.-------";
				PRODUCT_NAME = "$(TARGET_NAME)";
				SWIFT_VERSION = 3.0;
			};
			name = Debug;
		};
		CDCAA8FF1E5C2AF30080BCE8 /* Release */ = {
			isa = XCBuildConfiguration;
			buildSettings = {
				ASSETCATALOG_COMPILER_APPICON_NAME = AppIcon;
				INFOPLIST_FILE = "第九天视频背景/Info.plist";
				LD_RUNPATH_SEARCH_PATHS = "$(inherited) @executable_path/Frameworks";
				PRODUCT_BUNDLE_IDENTIFIER = "com.OneStepBeyond.-------";
				PRODUCT_NAME = "$(TARGET_NAME)";
				SWIFT_VERSION = 3.0;
			};
			name = Release;
		};
/* End XCBuildConfiguration section */

/* Begin XCConfigurationList section */
		CDCAA8E61E5C2AF30080BCE8 /* Build configuration list for PBXProject "第九天视频背景" */ = {
			isa = XCConfigurationList;
			buildConfigurations = (
				CDCAA8FB1E5C2AF30080BCE8 /* Debug */,
				CDCAA8FC1E5C2AF30080BCE8 /* Release */,
			);
			defaultConfigurationIsVisible = 0;
			defaultConfigurationName = Release;
		};
		CDCAA8FD1E5C2AF30080BCE8 /* Build configuration list for PBXNativeTarget "第九天视频背景" */ = {
			isa = XCConfigurationList;
			buildConfigurations = (
				CDCAA8FE1E5C2AF30080BCE8 /* Debug */,
				CDCAA8FF1E5C2AF30080BCE8 /* Release */,
			);
			defaultConfigurationIsVisible = 0;
		};
/* End XCConfigurationList section */
	};
	rootObject = CDCAA8E31E5C2AF30080BCE8 /* Project object */;
}
